
Microsoft Visual Studio Solution File, Format Version 12.00
# Visual Studio Version 16
VisualStudioVersion = 16.0.30002.166
MinimumVisualStudioVersion = 10.0.40219.1
Project("{FAE04EC0-301F-11D3-BF4B-00C04F79EFBC}") = "Slooh.Explorer", "Slooh.Explorer\Slooh.Explorer.csproj", "{3738F8EA-C029-46FA-93A8-0789AE3553EE}"
EndProject
Global
	GlobalSection(SolutionConfigurationPlatforms) = preSolution
		Debug|Any CPU = Debug|Any CPU
		Release|Any CPU = Release|Any CPU
	EndGlobalSection
	GlobalSection(ProjectConfigurationPlatforms) = postSolution
		{3738F8EA-C029-46FA-93A8-0789AE3553EE}.Debug|Any CPU.ActiveCfg = Debug|Any CPU
		{3738F8EA-C029-46FA-93A8-0789AE3553EE}.Debug|Any CPU.Build.0 = Debug|Any CPU
		{3738F8EA-C029-46FA-93A8-0789AE3553EE}.Release|Any CPU.ActiveCfg = Release|Any CPU
		{3738F8EA-C029-46FA-93A8-0789AE3553EE}.Release|Any CPU.Build.0 = Release|Any CPU
	EndGlobalSection
	GlobalSection(SolutionProperties) = preSolution
		HideSolutionNode = FALSE
	EndGlobalSection
	GlobalSection(ExtensibilityGlobals) = postSolution
		SolutionGuid = {60E89B0D-6D7D-41AE-BB73-DF19DBA82473}
	EndGlobalSection
EndGlobal
